// !$*UTF8*$!
{
	archiveVersion = 1;
	classes = {
	};
	objectVersion = 56;
	objects = {

/* Begin PBXBuildFile section */
		ABB47D072BC01611005129F8 /* Stories_DemoApp.swift in Sources */ = {isa = PBXBuildFile; fileRef = ABB47D062BC01611005129F8 /* Stories_DemoApp.swift */; };
		ABB47D092BC01611005129F8 /* StoriesView.swift in Sources */ = {isa = PBXBuildFile; fileRef = ABB47D082BC01611005129F8 /* StoriesView.swift */; };
		ABB47D0B2BC01613005129F8 /* Assets.xcassets in Resources */ = {isa = PBXBuildFile; fileRef = ABB47D0A2BC01613005129F8 /* Assets.xcassets */; };
		ABB47D0E2BC01613005129F8 /* Preview Assets.xcassets in Resources */ = {isa = PBXBuildFile; fileRef = ABB47D0D2BC01613005129F8 /* Preview Assets.xcassets */; };
		E90330CF2C08AA78000307B1 /* SingleStoryView.swift in Sources */ = {isa = PBXBuildFile; fileRef = E90330CE2C08AA78000307B1 /* SingleStoryView.swift */; };
		E90330D12C08AAEB000307B1 /* AppFonts.swift in Sources */ = {isa = PBXBuildFile; fileRef = E90330D02C08AAEB000307B1 /* AppFonts.swift */; };
		E90330D32C08AE4A000307B1 /* AppColors.swift in Sources */ = {isa = PBXBuildFile; fileRef = E90330D22C08AE4A000307B1 /* AppColors.swift */; };
		E90330D52C08AF6E000307B1 /* CloseButtonView.swift in Sources */ = {isa = PBXBuildFile; fileRef = E90330D42C08AF6E000307B1 /* CloseButtonView.swift */; };
		E90330D72C08BD1B000307B1 /* Story.swift in Sources */ = {isa = PBXBuildFile; fileRef = E90330D62C08BD1B000307B1 /* Story.swift */; };
		E90330D92C08CC7F000307B1 /* ProgressBarView.swift in Sources */ = {isa = PBXBuildFile; fileRef = E90330D82C08CC7F000307B1 /* ProgressBarView.swift */; };
		E90330DF2C090303000307B1 /* TimerConfiguration.swift in Sources */ = {isa = PBXBuildFile; fileRef = E90330DE2C090303000307B1 /* TimerConfiguration.swift */; };
		E90330EC2C0921B2000307B1 /* StoriesTabView.swift in Sources */ = {isa = PBXBuildFile; fileRef = E90330EB2C0921B2000307B1 /* StoriesTabView.swift */; };
		E90330EE2C0924D7000307B1 /* StoriesProgressBarView.swift in Sources */ = {isa = PBXBuildFile; fileRef = E90330ED2C0924D7000307B1 /* StoriesProgressBarView.swift */; };
		E93547A42C120F5B0090A23F /* SinglePreviewStoryView.swift in Sources */ = {isa = PBXBuildFile; fileRef = E93547A32C120F5B0090A23F /* SinglePreviewStoryView.swift */; };
		E93547A62C121A860090A23F /* StoriesList.swift in Sources */ = {isa = PBXBuildFile; fileRef = E93547A52C121A860090A23F /* StoriesList.swift */; };
		E973F29B2C0B78B400F8CA21 /* StoriesFlowView.swift in Sources */ = {isa = PBXBuildFile; fileRef = E973F29A2C0B78B400F8CA21 /* StoriesFlowView.swift */; };
		E9A9A6092C0B9E8300CD1D08 /* AppSizes.swift in Sources */ = {isa = PBXBuildFile; fileRef = E9A9A6082C0B9E8300CD1D08 /* AppSizes.swift */; };
		E9B37A3B2C107CBD0017D178 /* MainView.swift in Sources */ = {isa = PBXBuildFile; fileRef = E9B37A3A2C107CBD0017D178 /* MainView.swift */; };
		E9B37A3D2C107D010017D178 /* PreviewStoriesView.swift in Sources */ = {isa = PBXBuildFile; fileRef = E9B37A3C2C107D010017D178 /* PreviewStoriesView.swift */; };
		E9B37A412C1096210017D178 /* Double+Extensions.swift in Sources */ = {isa = PBXBuildFile; fileRef = E9B37A402C1096210017D178 /* Double+Extensions.swift */; };
/* End PBXBuildFile section */

/* Begin PBXFileReference section */
		ABB47D032BC01611005129F8 /* Stories-Demo.app */ = {isa = PBXFileReference; explicitFileType = wrapper.application; includeInIndex = 0; path = "Stories-Demo.app"; sourceTree = BUILT_PRODUCTS_DIR; };
		ABB47D062BC01611005129F8 /* Stories_DemoApp.swift */ = {isa = PBXFileReference; lastKnownFileType = sourcecode.swift; path = Stories_DemoApp.swift; sourceTree = "<group>"; };
		ABB47D082BC01611005129F8 /* StoriesView.swift */ = {isa = PBXFileReference; lastKnownFileType = sourcecode.swift; path = StoriesView.swift; sourceTree = "<group>"; };
		ABB47D0A2BC01613005129F8 /* Assets.xcassets */ = {isa = PBXFileReference; lastKnownFileType = folder.assetcatalog; path = Assets.xcassets; sourceTree = "<group>"; };
		ABB47D0D2BC01613005129F8 /* Preview Assets.xcassets */ = {isa = PBXFileReference; lastKnownFileType = folder.assetcatalog; path = "Preview Assets.xcassets"; sourceTree = "<group>"; };
		E90330CE2C08AA78000307B1 /* SingleStoryView.swift */ = {isa = PBXFileReference; lastKnownFileType = sourcecode.swift; path = SingleStoryView.swift; sourceTree = "<group>"; };
		E90330D02C08AAEB000307B1 /* AppFonts.swift */ = {isa = PBXFileReference; lastKnownFileType = sourcecode.swift; path = AppFonts.swift; sourceTree = "<group>"; };
		E90330D22C08AE4A000307B1 /* AppColors.swift */ = {isa = PBXFileReference; lastKnownFileType = sourcecode.swift; path = AppColors.swift; sourceTree = "<group>"; };
		E90330D42C08AF6E000307B1 /* CloseButtonView.swift */ = {isa = PBXFileReference; lastKnownFileType = sourcecode.swift; path = CloseButtonView.swift; sourceTree = "<group>"; };
		E90330D62C08BD1B000307B1 /* Story.swift */ = {isa = PBXFileReference; lastKnownFileType = sourcecode.swift; path = Story.swift; sourceTree = "<group>"; };
		E90330D82C08CC7F000307B1 /* ProgressBarView.swift */ = {isa = PBXFileReference; lastKnownFileType = sourcecode.swift; path = ProgressBarView.swift; sourceTree = "<group>"; };
		E90330DE2C090303000307B1 /* TimerConfiguration.swift */ = {isa = PBXFileReference; lastKnownFileType = sourcecode.swift; path = TimerConfiguration.swift; sourceTree = "<group>"; };
		E90330EB2C0921B2000307B1 /* StoriesTabView.swift */ = {isa = PBXFileReference; lastKnownFileType = sourcecode.swift; path = StoriesTabView.swift; sourceTree = "<group>"; };
		E90330ED2C0924D7000307B1 /* StoriesProgressBarView.swift */ = {isa = PBXFileReference; lastKnownFileType = sourcecode.swift; path = StoriesProgressBarView.swift; sourceTree = "<group>"; };
		E93547A32C120F5B0090A23F /* SinglePreviewStoryView.swift */ = {isa = PBXFileReference; lastKnownFileType = sourcecode.swift; path = SinglePreviewStoryView.swift; sourceTree = "<group>"; };
		E93547A52C121A860090A23F /* StoriesList.swift */ = {isa = PBXFileReference; lastKnownFileType = sourcecode.swift; path = StoriesList.swift; sourceTree = "<group>"; };
		E973F29A2C0B78B400F8CA21 /* StoriesFlowView.swift */ = {isa = PBXFileReference; lastKnownFileType = sourcecode.swift; path = StoriesFlowView.swift; sourceTree = "<group>"; };
		E9A9A6082C0B9E8300CD1D08 /* AppSizes.swift */ = {isa = PBXFileReference; lastKnownFileType = sourcecode.swift; path = AppSizes.swift; sourceTree = "<group>"; };
		E9B37A3A2C107CBD0017D178 /* MainView.swift */ = {isa = PBXFileReference; lastKnownFileType = sourcecode.swift; path = MainView.swift; sourceTree = "<group>"; };
		E9B37A3C2C107D010017D178 /* PreviewStoriesView.swift */ = {isa = PBXFileReference; lastKnownFileType = sourcecode.swift; path = PreviewStoriesView.swift; sourceTree = "<group>"; };
		E9B37A402C1096210017D178 /* Double+Extensions.swift */ = {isa = PBXFileReference; lastKnownFileType = sourcecode.swift; path = "Double+Extensions.swift"; sourceTree = "<group>"; };
/* End PBXFileReference section */

/* Begin PBXFrameworksBuildPhase section */
		ABB47D002BC01611005129F8 /* Frameworks */ = {
			isa = PBXFrameworksBuildPhase;
			buildActionMask = 2147483647;
			files = (
			);
			runOnlyForDeploymentPostprocessing = 0;
		};
/* End PBXFrameworksBuildPhase section */

/* Begin PBXGroup section */
		ABB47CFA2BC01611005129F8 = {
			isa = PBXGroup;
			children = (
				ABB47D052BC01611005129F8 /* Stories-Demo */,
				ABB47D042BC01611005129F8 /* Products */,
			);
			sourceTree = "<group>";
		};
		ABB47D042BC01611005129F8 /* Products */ = {
			isa = PBXGroup;
			children = (
				ABB47D032BC01611005129F8 /* Stories-Demo.app */,
			);
			name = Products;
			sourceTree = "<group>";
		};
		ABB47D052BC01611005129F8 /* Stories-Demo */ = {
			isa = PBXGroup;
			children = (
				ABB47D062BC01611005129F8 /* Stories_DemoApp.swift */,
				E90330E62C091E17000307B1 /* Models */,
				E90330E92C091E6E000307B1 /* Views */,
				E90330E72C091E33000307B1 /* DesignElements */,
				E90330EA2C091E80000307B1 /* Helpers */,
				E9B37A3F2C1096080017D178 /* Extensions */,
				E90330E82C091E5D000307B1 /* Resources */,
				ABB47D0C2BC01613005129F8 /* Preview Content */,
			);
			path = "Stories-Demo";
			sourceTree = "<group>";
		};
		ABB47D0C2BC01613005129F8 /* Preview Content */ = {
			isa = PBXGroup;
			children = (
				ABB47D0D2BC01613005129F8 /* Preview Assets.xcassets */,
			);
			path = "Preview Content";
			sourceTree = "<group>";
		};
		E90330E62C091E17000307B1 /* Models */ = {
			isa = PBXGroup;
			children = (
				E90330D62C08BD1B000307B1 /* Story.swift */,
				E93547A52C121A860090A23F /* StoriesList.swift */,
			);
			path = Models;
			sourceTree = "<group>";
		};
		E90330E72C091E33000307B1 /* DesignElements */ = {
			isa = PBXGroup;
			children = (
				E90330CE2C08AA78000307B1 /* SingleStoryView.swift */,
				E90330D42C08AF6E000307B1 /* CloseButtonView.swift */,
				E90330D82C08CC7F000307B1 /* ProgressBarView.swift */,
				E93547A32C120F5B0090A23F /* SinglePreviewStoryView.swift */,
			);
			path = DesignElements;
			sourceTree = "<group>";
		};
		E90330E82C091E5D000307B1 /* Resources */ = {
			isa = PBXGroup;
			children = (
				E90330D22C08AE4A000307B1 /* AppColors.swift */,
				E90330D02C08AAEB000307B1 /* AppFonts.swift */,
				E9A9A6082C0B9E8300CD1D08 /* AppSizes.swift */,
				ABB47D0A2BC01613005129F8 /* Assets.xcassets */,
			);
			path = Resources;
			sourceTree = "<group>";
		};
		E90330E92C091E6E000307B1 /* Views */ = {
			isa = PBXGroup;
			children = (
				E9B37A3A2C107CBD0017D178 /* MainView.swift */,
				E9B37A3C2C107D010017D178 /* PreviewStoriesView.swift */,
				E973F29A2C0B78B400F8CA21 /* StoriesFlowView.swift */,
				E90330EF2C092AE4000307B1 /* Stories */,
			);
			path = Views;
			sourceTree = "<group>";
		};
		E90330EA2C091E80000307B1 /* Helpers */ = {
			isa = PBXGroup;
			children = (
				E90330DE2C090303000307B1 /* TimerConfiguration.swift */,
			);
			path = Helpers;
			sourceTree = "<group>";
		};
		E90330EF2C092AE4000307B1 /* Stories */ = {
			isa = PBXGroup;
			children = (
				ABB47D082BC01611005129F8 /* StoriesView.swift */,
				E90330ED2C0924D7000307B1 /* StoriesProgressBarView.swift */,
				E90330EB2C0921B2000307B1 /* StoriesTabView.swift */,
			);
			path = Stories;
			sourceTree = "<group>";
		};
		E9B37A3F2C1096080017D178 /* Extensions */ = {
			isa = PBXGroup;
			children = (
				E9B37A402C1096210017D178 /* Double+Extensions.swift */,
			);
			path = Extensions;
			sourceTree = "<group>";
		};
/* End PBXGroup section */

/* Begin PBXNativeTarget section */
		ABB47D022BC01611005129F8 /* Stories-Demo */ = {
			isa = PBXNativeTarget;
			buildConfigurationList = ABB47D112BC01613005129F8 /* Build configuration list for PBXNativeTarget "Stories-Demo" */;
			buildPhases = (
				ABB47CFF2BC01611005129F8 /* Sources */,
				ABB47D002BC01611005129F8 /* Frameworks */,
				ABB47D012BC01611005129F8 /* Resources */,
			);
			buildRules = (
			);
			dependencies = (
			);
			name = "Stories-Demo";
			productName = "Stories-Demo";
			productReference = ABB47D032BC01611005129F8 /* Stories-Demo.app */;
			productType = "com.apple.product-type.application";
		};
/* End PBXNativeTarget section */

/* Begin PBXProject section */
		ABB47CFB2BC01611005129F8 /* Project object */ = {
			isa = PBXProject;
			attributes = {
				BuildIndependentTargetsInParallel = 1;
				LastSwiftUpdateCheck = 1530;
				LastUpgradeCheck = 1530;
				TargetAttributes = {
					ABB47D022BC01611005129F8 = {
						CreatedOnToolsVersion = 15.3;
					};
				};
			};
			buildConfigurationList = ABB47CFE2BC01611005129F8 /* Build configuration list for PBXProject "Stories-Demo" */;
			compatibilityVersion = "Xcode 14.0";
			developmentRegion = en;
			hasScannedForEncodings = 0;
			knownRegions = (
				en,
				Base,
			);
			mainGroup = ABB47CFA2BC01611005129F8;
			productRefGroup = ABB47D042BC01611005129F8 /* Products */;
			projectDirPath = "";
			projectRoot = "";
			targets = (
				ABB47D022BC01611005129F8 /* Stories-Demo */,
			);
		};
/* End PBXProject section */

/* Begin PBXResourcesBuildPhase section */
		ABB47D012BC01611005129F8 /* Resources */ = {
			isa = PBXResourcesBuildPhase;
			buildActionMask = 2147483647;
			files = (
				ABB47D0E2BC01613005129F8 /* Preview Assets.xcassets in Resources */,
				ABB47D0B2BC01613005129F8 /* Assets.xcassets in Resources */,
			);
			runOnlyForDeploymentPostprocessing = 0;
		};
/* End PBXResourcesBuildPhase section */

/* Begin PBXSourcesBuildPhase section */
		ABB47CFF2BC01611005129F8 /* Sources */ = {
			isa = PBXSourcesBuildPhase;
			buildActionMask = 2147483647;
			files = (
				E90330EC2C0921B2000307B1 /* StoriesTabView.swift in Sources */,
				E973F29B2C0B78B400F8CA21 /* StoriesFlowView.swift in Sources */,
				E90330D12C08AAEB000307B1 /* AppFonts.swift in Sources */,
				E90330CF2C08AA78000307B1 /* SingleStoryView.swift in Sources */,
				E90330DF2C090303000307B1 /* TimerConfiguration.swift in Sources */,
				E9B37A412C1096210017D178 /* Double+Extensions.swift in Sources */,
				ABB47D092BC01611005129F8 /* StoriesView.swift in Sources */,
				E90330D32C08AE4A000307B1 /* AppColors.swift in Sources */,
				E90330EE2C0924D7000307B1 /* StoriesProgressBarView.swift in Sources */,
				E9A9A6092C0B9E8300CD1D08 /* AppSizes.swift in Sources */,
				E9B37A3D2C107D010017D178 /* PreviewStoriesView.swift in Sources */,
				ABB47D072BC01611005129F8 /* Stories_DemoApp.swift in Sources */,
				E90330D92C08CC7F000307B1 /* ProgressBarView.swift in Sources */,
				E90330D52C08AF6E000307B1 /* CloseButtonView.swift in Sources */,
				E90330D72C08BD1B000307B1 /* Story.swift in Sources */,
				E93547A62C121A860090A23F /* StoriesList.swift in Sources */,
				E93547A42C120F5B0090A23F /* SinglePreviewStoryView.swift in Sources */,
				E9B37A3B2C107CBD0017D178 /* MainView.swift in Sources */,
			);
			runOnlyForDeploymentPostprocessing = 0;
		};
/* End PBXSourcesBuildPhase section */

/* Begin XCBuildConfiguration section */
		ABB47D0F2BC01613005129F8 /* Debug */ = {
			isa = XCBuildConfiguration;
			buildSettings = {
				ALWAYS_SEARCH_USER_PATHS = NO;
				ASSETCATALOG_COMPILER_GENERATE_SWIFT_ASSET_SYMBOL_EXTENSIONS = YES;
				CLANG_ANALYZER_NONNULL = YES;
				CLANG_ANALYZER_NUMBER_OBJECT_CONVERSION = YES_AGGRESSIVE;
				CLANG_CXX_LANGUAGE_STANDARD = "gnu++20";
				CLANG_ENABLE_MODULES = YES;
				CLANG_ENABLE_OBJC_ARC = YES;
				CLANG_ENABLE_OBJC_WEAK = YES;
				CLANG_WARN_BLOCK_CAPTURE_AUTORELEASING = YES;
				CLANG_WARN_BOOL_CONVERSION = YES;
				CLANG_WARN_COMMA = YES;
				CLANG_WARN_CONSTANT_CONVERSION = YES;
				CLANG_WARN_DEPRECATED_OBJC_IMPLEMENTATIONS = YES;
				CLANG_WARN_DIRECT_OBJC_ISA_USAGE = YES_ERROR;
				CLANG_WARN_DOCUMENTATION_COMMENTS = YES;
				CLANG_WARN_EMPTY_BODY = YES;
				CLANG_WARN_ENUM_CONVERSION = YES;
				CLANG_WARN_INFINITE_RECURSION = YES;
				CLANG_WARN_INT_CONVERSION = YES;
				CLANG_WARN_NON_LITERAL_NULL_CONVERSION = YES;
				CLANG_WARN_OBJC_IMPLICIT_RETAIN_SELF = YES;
				CLANG_WARN_OBJC_LITERAL_CONVERSION = YES;
				CLANG_WARN_OBJC_ROOT_CLASS = YES_ERROR;
				CLANG_WARN_QUOTED_INCLUDE_IN_FRAMEWORK_HEADER = YES;
				CLANG_WARN_RANGE_LOOP_ANALYSIS = YES;
				CLANG_WARN_STRICT_PROTOTYPES = YES;
				CLANG_WARN_SUSPICIOUS_MOVE = YES;
				CLANG_WARN_UNGUARDED_AVAILABILITY = YES_AGGRESSIVE;
				CLANG_WARN_UNREACHABLE_CODE = YES;
				CLANG_WARN__DUPLICATE_METHOD_MATCH = YES;
				COPY_PHASE_STRIP = NO;
				DEBUG_INFORMATION_FORMAT = dwarf;
				ENABLE_STRICT_OBJC_MSGSEND = YES;
				ENABLE_TESTABILITY = YES;
				ENABLE_USER_SCRIPT_SANDBOXING = YES;
				GCC_C_LANGUAGE_STANDARD = gnu17;
				GCC_DYNAMIC_NO_PIC = NO;
				GCC_NO_COMMON_BLOCKS = YES;
				GCC_OPTIMIZATION_LEVEL = 0;
				GCC_PREPROCESSOR_DEFINITIONS = (
					"DEBUG=1",
					"$(inherited)",
				);
				GCC_WARN_64_TO_32_BIT_CONVERSION = YES;
				GCC_WARN_ABOUT_RETURN_TYPE = YES_ERROR;
				GCC_WARN_UNDECLARED_SELECTOR = YES;
				GCC_WARN_UNINITIALIZED_AUTOS = YES_AGGRESSIVE;
				GCC_WARN_UNUSED_FUNCTION = YES;
				GCC_WARN_UNUSED_VARIABLE = YES;
				IPHONEOS_DEPLOYMENT_TARGET = 17.4;
				LOCALIZATION_PREFERS_STRING_CATALOGS = YES;
				MTL_ENABLE_DEBUG_INFO = INCLUDE_SOURCE;
				MTL_FAST_MATH = YES;
				ONLY_ACTIVE_ARCH = YES;
				SDKROOT = iphoneos;
				SWIFT_ACTIVE_COMPILATION_CONDITIONS = "DEBUG $(inherited)";
				SWIFT_OPTIMIZATION_LEVEL = "-Onone";
			};
			name = Debug;
		};
		ABB47D102BC01613005129F8 /* Release */ = {
			isa = XCBuildConfiguration;
			buildSettings = {
				ALWAYS_SEARCH_USER_PATHS = NO;
				ASSETCATALOG_COMPILER_GENERATE_SWIFT_ASSET_SYMBOL_EXTENSIONS = YES;
				CLANG_ANALYZER_NONNULL = YES;
				CLANG_ANALYZER_NUMBER_OBJECT_CONVERSION = YES_AGGRESSIVE;
				CLANG_CXX_LANGUAGE_STANDARD = "gnu++20";
				CLANG_ENABLE_MODULES = YES;
				CLANG_ENABLE_OBJC_ARC = YES;
				CLANG_ENABLE_OBJC_WEAK = YES;
				CLANG_WARN_BLOCK_CAPTURE_AUTORELEASING = YES;
				CLANG_WARN_BOOL_CONVERSION = YES;
				CLANG_WARN_COMMA = YES;
				CLANG_WARN_CONSTANT_CONVERSION = YES;
				CLANG_WARN_DEPRECATED_OBJC_IMPLEMENTATIONS = YES;
				CLANG_WARN_DIRECT_OBJC_ISA_USAGE = YES_ERROR;
				CLANG_WARN_DOCUMENTATION_COMMENTS = YES;
				CLANG_WARN_EMPTY_BODY = YES;
				CLANG_WARN_ENUM_CONVERSION = YES;
				CLANG_WARN_INFINITE_RECURSION = YES;
				CLANG_WARN_INT_CONVERSION = YES;
				CLANG_WARN_NON_LITERAL_NULL_CONVERSION = YES;
				CLANG_WARN_OBJC_IMPLICIT_RETAIN_SELF = YES;
				CLANG_WARN_OBJC_LITERAL_CONVERSION = YES;
				CLANG_WARN_OBJC_ROOT_CLASS = YES_ERROR;
				CLANG_WARN_QUOTED_INCLUDE_IN_FRAMEWORK_HEADER = YES;
				CLANG_WARN_RANGE_LOOP_ANALYSIS = YES;
				CLANG_WARN_STRICT_PROTOTYPES = YES;
				CLANG_WARN_SUSPICIOUS_MOVE = YES;
				CLANG_WARN_UNGUARDED_AVAILABILITY = YES_AGGRESSIVE;
				CLANG_WARN_UNREACHABLE_CODE = YES;
				CLANG_WARN__DUPLICATE_METHOD_MATCH = YES;
				COPY_PHASE_STRIP = NO;
				DEBUG_INFORMATION_FORMAT = "dwarf-with-dsym";
				ENABLE_NS_ASSERTIONS = NO;
				ENABLE_STRICT_OBJC_MSGSEND = YES;
				ENABLE_USER_SCRIPT_SANDBOXING = YES;
				GCC_C_LANGUAGE_STANDARD = gnu17;
				GCC_NO_COMMON_BLOCKS = YES;
				GCC_WARN_64_TO_32_BIT_CONVERSION = YES;
				GCC_WARN_ABOUT_RETURN_TYPE = YES_ERROR;
				GCC_WARN_UNDECLARED_SELECTOR = YES;
				GCC_WARN_UNINITIALIZED_AUTOS = YES_AGGRESSIVE;
				GCC_WARN_UNUSED_FUNCTION = YES;
				GCC_WARN_UNUSED_VARIABLE = YES;
				IPHONEOS_DEPLOYMENT_TARGET = 17.4;
				LOCALIZATION_PREFERS_STRING_CATALOGS = YES;
				MTL_ENABLE_DEBUG_INFO = NO;
				MTL_FAST_MATH = YES;
				SDKROOT = iphoneos;
				SWIFT_COMPILATION_MODE = wholemodule;
				VALIDATE_PRODUCT = YES;
			};
			name = Release;
		};
		ABB47D122BC01613005129F8 /* Debug */ = {
			isa = XCBuildConfiguration;
			buildSettings = {
				ASSETCATALOG_COMPILER_APPICON_NAME = AppIcon;
				ASSETCATALOG_COMPILER_GLOBAL_ACCENT_COLOR_NAME = AccentColor;
				CODE_SIGN_STYLE = Automatic;
				CURRENT_PROJECT_VERSION = 1;
				DEVELOPMENT_ASSET_PATHS = "\"Stories-Demo/Preview Content\"";
				DEVELOPMENT_TEAM = 3LKWW87KA9;
				ENABLE_PREVIEWS = YES;
				GENERATE_INFOPLIST_FILE = YES;
				INFOPLIST_KEY_UIApplicationSceneManifest_Generation = YES;
				INFOPLIST_KEY_UIApplicationSupportsIndirectInputEvents = YES;
				INFOPLIST_KEY_UILaunchScreen_Generation = YES;
				INFOPLIST_KEY_UISupportedInterfaceOrientations_iPad = "UIInterfaceOrientationPortrait UIInterfaceOrientationPortraitUpsideDown UIInterfaceOrientationLandscapeLeft UIInterfaceOrientationLandscapeRight";
				INFOPLIST_KEY_UISupportedInterfaceOrientations_iPhone = "UIInterfaceOrientationPortrait UIInterfaceOrientationLandscapeLeft UIInterfaceOrientationLandscapeRight";
				IPHONEOS_DEPLOYMENT_TARGET = 16;
				LD_RUNPATH_SEARCH_PATHS = (
					"$(inherited)",
					"@executable_path/Frameworks",
				);
				MARKETING_VERSION = 1.0;
				PRODUCT_BUNDLE_IDENTIFIER = "com.skemenov.Stories-Demo";
				PRODUCT_NAME = "$(TARGET_NAME)";
				SWIFT_EMIT_LOC_STRINGS = YES;
				SWIFT_VERSION = 5.0;
				TARGETED_DEVICE_FAMILY = "1,2";
			};
			name = Debug;
		};
		ABB47D132BC01613005129F8 /* Release */ = {
			isa = XCBuildConfiguration;
			buildSettings = {
				ASSETCATALOG_COMPILER_APPICON_NAME = AppIcon;
				ASSETCATALOG_COMPILER_GLOBAL_ACCENT_COLOR_NAME = AccentColor;
				CODE_SIGN_STYLE = Automatic;
				CURRENT_PROJECT_VERSION = 1;
				DEVELOPMENT_ASSET_PATHS = "\"Stories-Demo/Preview Content\"";
				DEVELOPMENT_TEAM = 3LKWW87KA9;
				ENABLE_PREVIEWS = YES;
				GENERATE_INFOPLIST_FILE = YES;
				INFOPLIST_KEY_UIApplicationSceneManifest_Generation = YES;
				INFOPLIST_KEY_UIApplicationSupportsIndirectInputEvents = YES;
				INFOPLIST_KEY_UILaunchScreen_Generation = YES;
				INFOPLIST_KEY_UISupportedInterfaceOrientations_iPad = "UIInterfaceOrientationPortrait UIInterfaceOrientationPortraitUpsideDown UIInterfaceOrientationLandscapeLeft UIInterfaceOrientationLandscapeRight";
				INFOPLIST_KEY_UISupportedInterfaceOrientations_iPhone = "UIInterfaceOrientationPortrait UIInterfaceOrientationLandscapeLeft UIInterfaceOrientationLandscapeRight";
				IPHONEOS_DEPLOYMENT_TARGET = 16;
				LD_RUNPATH_SEARCH_PATHS = (
					"$(inherited)",
					"@executable_path/Frameworks",
				);
				MARKETING_VERSION = 1.0;
				PRODUCT_BUNDLE_IDENTIFIER = "com.skemenov.Stories-Demo";
				PRODUCT_NAME = "$(TARGET_NAME)";
				SWIFT_EMIT_LOC_STRINGS = YES;
				SWIFT_VERSION = 5.0;
				TARGETED_DEVICE_FAMILY = "1,2";
			};
			name = Release;
		};
/* End XCBuildConfiguration section */

/* Begin XCConfigurationList section */
		ABB47CFE2BC01611005129F8 /* Build configuration list for PBXProject "Stories-Demo" */ = {
			isa = XCConfigurationList;
			buildConfigurations = (
				ABB47D0F2BC01613005129F8 /* Debug */,
				ABB47D102BC01613005129F8 /* Release */,
			);
			defaultConfigurationIsVisible = 0;
			defaultConfigurationName = Release;
		};
		ABB47D112BC01613005129F8 /* Build configuration list for PBXNativeTarget "Stories-Demo" */ = {
			isa = XCConfigurationList;
			buildConfigurations = (
				ABB47D122BC01613005129F8 /* Debug */,
				ABB47D132BC01613005129F8 /* Release */,
			);
			defaultConfigurationIsVisible = 0;
			defaultConfigurationName = Release;
		};
/* End XCConfigurationList section */
	};
	rootObject = ABB47CFB2BC01611005129F8 /* Project object */;
}
